
Microsoft Visual Studio Solution File, Format Version 12.00
# Visual Studio Version 17
VisualStudioVersion = 17.6.33801.468
MinimumVisualStudioVersion = 10.0.40219.1
Project("{FAE04EC0-301F-11D3-BF4B-00C04F79EFBC}") = "WorldDiscovery.Server", "WorldDiscovery\Server\WorldDiscovery.Server.csproj", "{2770F28E-22B1-448E-AB60-0E0C0B56B612}"
EndProject
Project("{FAE04EC0-301F-11D3-BF4B-00C04F79EFBC}") = "WorldDiscovery.Client", "WorldDiscovery\Client\WorldDiscovery.Client.csproj", "{90DAA857-714E-4176-8F9F-AA2A38F5215C}"
EndProject
Project("{FAE04EC0-301F-11D3-BF4B-00C04F79EFBC}") = "WorldDiscovery.Shared", "WorldDiscovery\Shared\WorldDiscovery.Shared.csproj", "{EC1DDD57-47D9-4DD6-9111-E88EF8F72298}"
EndProject
Global
	GlobalSection(SolutionConfigurationPlatforms) = preSolution
		Debug|Any CPU = Debug|Any CPU
		Release|Any CPU = Release|Any CPU
	EndGlobalSection
	GlobalSection(ProjectConfigurationPlatforms) = postSolution
		{2770F28E-22B1-448E-AB60-0E0C0B56B612}.Debug|Any CPU.ActiveCfg = Debug|Any CPU
		{2770F28E-22B1-448E-AB60-0E0C0B56B612}.Debug|Any CPU.Build.0 = Debug|Any CPU
		{2770F28E-22B1-448E-AB60-0E0C0B56B612}.Release|Any CPU.ActiveCfg = Release|Any CPU
		{2770F28E-22B1-448E-AB60-0E0C0B56B612}.Release|Any CPU.Build.0 = Release|Any CPU
		{90DAA857-714E-4176-8F9F-AA2A38F5215C}.Debug|Any CPU.ActiveCfg = Debug|Any CPU
		{90DAA857-714E-4176-8F9F-AA2A38F5215C}.Debug|Any CPU.Build.0 = Debug|Any CPU
		{90DAA857-714E-4176-8F9F-AA2A38F5215C}.Release|Any CPU.ActiveCfg = Release|Any CPU
		{90DAA857-714E-4176-8F9F-AA2A38F5215C}.Release|Any CPU.Build.0 = Release|Any CPU
		{EC1DDD57-47D9-4DD6-9111-E88EF8F72298}.Debug|Any CPU.ActiveCfg = Debug|Any CPU
		{EC1DDD57-47D9-4DD6-9111-E88EF8F72298}.Debug|Any CPU.Build.0 = Debug|Any CPU
		{EC1DDD57-47D9-4DD6-9111-E88EF8F72298}.Release|Any CPU.ActiveCfg = Release|Any CPU
		{EC1DDD57-47D9-4DD6-9111-E88EF8F72298}.Release|Any CPU.Build.0 = Release|Any CPU
	EndGlobalSection
	GlobalSection(SolutionProperties) = preSolution
		HideSolutionNode = FALSE
	EndGlobalSection
	GlobalSection(ExtensibilityGlobals) = postSolution
		SolutionGuid = {56260BFE-E59F-4624-A3ED-5D8BE1BF8612}
	EndGlobalSection
EndGlobal
